// !$*UTF8*$!
{
	archiveVersion = 1;
	classes = {
	};
	objectVersion = 55;
	objects = {

/* Begin PBXBuildFile section */
		8B094364282906890060FD59 /* Kingfisher in Frameworks */ = {isa = PBXBuildFile; productRef = 8B094363282906890060FD59 /* Kingfisher */; };
		8B094368282A0D830060FD59 /* TodayViewController.swift in Sources */ = {isa = PBXBuildFile; fileRef = 8B094367282A0D830060FD59 /* TodayViewController.swift */; };
		8B80FF9C282904450006AD8D /* AppDelegate.swift in Sources */ = {isa = PBXBuildFile; fileRef = 8B80FF9B282904450006AD8D /* AppDelegate.swift */; };
		8B80FF9E282904450006AD8D /* SceneDelegate.swift in Sources */ = {isa = PBXBuildFile; fileRef = 8B80FF9D282904450006AD8D /* SceneDelegate.swift */; };
		8B80FFA0282904450006AD8D /* TabBarController.swift in Sources */ = {isa = PBXBuildFile; fileRef = 8B80FF9F282904450006AD8D /* TabBarController.swift */; };
		8B80FFA5282904460006AD8D /* Assets.xcassets in Resources */ = {isa = PBXBuildFile; fileRef = 8B80FFA4282904460006AD8D /* Assets.xcassets */; };
		8B80FFA8282904460006AD8D /* LaunchScreen.storyboard in Resources */ = {isa = PBXBuildFile; fileRef = 8B80FFA6282904460006AD8D /* LaunchScreen.storyboard */; };
		8B80FFB3282904460006AD8D /* AppStoreTests.swift in Sources */ = {isa = PBXBuildFile; fileRef = 8B80FFB2282904460006AD8D /* AppStoreTests.swift */; };
		8B80FFBD282904460006AD8D /* AppStoreUITests.swift in Sources */ = {isa = PBXBuildFile; fileRef = 8B80FFBC282904460006AD8D /* AppStoreUITests.swift */; };
		8B80FFBF282904460006AD8D /* AppStoreUITestsLaunchTests.swift in Sources */ = {isa = PBXBuildFile; fileRef = 8B80FFBE282904460006AD8D /* AppStoreUITestsLaunchTests.swift */; };
		8B80FFCD282904CD0006AD8D /* SnapKit in Frameworks */ = {isa = PBXBuildFile; productRef = 8B80FFCC282904CD0006AD8D /* SnapKit */; };
		8BD95648282A336000FBA4F4 /* TodayCollectionViewCell.swift in Sources */ = {isa = PBXBuildFile; fileRef = 8BD95647282A336000FBA4F4 /* TodayCollectionViewCell.swift */; };
		8BD9564A282A371A00FBA4F4 /* TodayCollectionHeaderView.swift in Sources */ = {isa = PBXBuildFile; fileRef = 8BD95649282A371A00FBA4F4 /* TodayCollectionHeaderView.swift */; };
		8BD9564C282A3DB700FBA4F4 /* AppViewController.swift in Sources */ = {isa = PBXBuildFile; fileRef = 8BD9564B282A3DB700FBA4F4 /* AppViewController.swift */; };
		8BD9564F282A446200FBA4F4 /* FeatureSectionView.swift in Sources */ = {isa = PBXBuildFile; fileRef = 8BD9564E282A446200FBA4F4 /* FeatureSectionView.swift */; };
		8BD95651282A449E00FBA4F4 /* RankingFeatureSectionView.swift in Sources */ = {isa = PBXBuildFile; fileRef = 8BD95650282A449E00FBA4F4 /* RankingFeatureSectionView.swift */; };
		8BD95653282A44A600FBA4F4 /* ExchangeCodeButtonView.swift in Sources */ = {isa = PBXBuildFile; fileRef = 8BD95652282A44A600FBA4F4 /* ExchangeCodeButtonView.swift */; };
		8BD95657282A925700FBA4F4 /* FeatureSectionCollectionViewCell.swift in Sources */ = {isa = PBXBuildFile; fileRef = 8BD95656282A925700FBA4F4 /* FeatureSectionCollectionViewCell.swift */; };
		8BD95659282A958400FBA4F4 /* SeperatorView.swift in Sources */ = {isa = PBXBuildFile; fileRef = 8BD95658282A958400FBA4F4 /* SeperatorView.swift */; };
		8BD9565B282A9C4700FBA4F4 /* RankingFeatureCollectionViewCell.swift in Sources */ = {isa = PBXBuildFile; fileRef = 8BD9565A282A9C4700FBA4F4 /* RankingFeatureCollectionViewCell.swift */; };
		8BEE15D528314850009AB9F5 /* AppDetailViewController.swift in Sources */ = {isa = PBXBuildFile; fileRef = 8BEE15D428314850009AB9F5 /* AppDetailViewController.swift */; };
		8BEE15D92831BCA9009AB9F5 /* Feature.plist in Resources */ = {isa = PBXBuildFile; fileRef = 8BEE15D62831BCA9009AB9F5 /* Feature.plist */; };
		8BEE15DA2831BCA9009AB9F5 /* RankingFeature.plist in Resources */ = {isa = PBXBuildFile; fileRef = 8BEE15D72831BCA9009AB9F5 /* RankingFeature.plist */; };
		8BEE15DB2831BCA9009AB9F5 /* Today.plist in Resources */ = {isa = PBXBuildFile; fileRef = 8BEE15D82831BCA9009AB9F5 /* Today.plist */; };
		8BEE15DE2831BD55009AB9F5 /* Today.swift in Sources */ = {isa = PBXBuildFile; fileRef = 8BEE15DD2831BD55009AB9F5 /* Today.swift */; };
		8BEE15E02831BD95009AB9F5 /* Feature.swift in Sources */ = {isa = PBXBuildFile; fileRef = 8BEE15DF2831BD95009AB9F5 /* Feature.swift */; };
		8BEE15E42831BDAD009AB9F5 /* RankingFeature.swift in Sources */ = {isa = PBXBuildFile; fileRef = 8BEE15E32831BDAD009AB9F5 /* RankingFeature.swift */; };
/* End PBXBuildFile section */

/* Begin PBXContainerItemProxy section */
		8B80FFAF282904460006AD8D /* PBXContainerItemProxy */ = {
			isa = PBXContainerItemProxy;
			containerPortal = 8B80FF90282904450006AD8D /* Project object */;
			proxyType = 1;
			remoteGlobalIDString = 8B80FF97282904450006AD8D;
			remoteInfo = AppStore;
		};
		8B80FFB9282904460006AD8D /* PBXContainerItemProxy */ = {
			isa = PBXContainerItemProxy;
			containerPortal = 8B80FF90282904450006AD8D /* Project object */;
			proxyType = 1;
			remoteGlobalIDString = 8B80FF97282904450006AD8D;
			remoteInfo = AppStore;
		};
/* End PBXContainerItemProxy section */

/* Begin PBXFileReference section */
		8B094367282A0D830060FD59 /* TodayViewController.swift */ = {isa = PBXFileReference; lastKnownFileType = sourcecode.swift; path = TodayViewController.swift; sourceTree = "<group>"; };
		8B80FF98282904450006AD8D /* AppStore.app */ = {isa = PBXFileReference; explicitFileType = wrapper.application; includeInIndex = 0; path = AppStore.app; sourceTree = BUILT_PRODUCTS_DIR; };
		8B80FF9B282904450006AD8D /* AppDelegate.swift */ = {isa = PBXFileReference; lastKnownFileType = sourcecode.swift; path = AppDelegate.swift; sourceTree = "<group>"; };
		8B80FF9D282904450006AD8D /* SceneDelegate.swift */ = {isa = PBXFileReference; lastKnownFileType = sourcecode.swift; path = SceneDelegate.swift; sourceTree = "<group>"; };
		8B80FF9F282904450006AD8D /* TabBarController.swift */ = {isa = PBXFileReference; lastKnownFileType = sourcecode.swift; path = TabBarController.swift; sourceTree = "<group>"; };
		8B80FFA4282904460006AD8D /* Assets.xcassets */ = {isa = PBXFileReference; lastKnownFileType = folder.assetcatalog; path = Assets.xcassets; sourceTree = "<group>"; };
		8B80FFA7282904460006AD8D /* Base */ = {isa = PBXFileReference; lastKnownFileType = file.storyboard; name = Base; path = Base.lproj/LaunchScreen.storyboard; sourceTree = "<group>"; };
		8B80FFA9282904460006AD8D /* Info.plist */ = {isa = PBXFileReference; lastKnownFileType = text.plist.xml; path = Info.plist; sourceTree = "<group>"; };
		8B80FFAE282904460006AD8D /* AppStoreTests.xctest */ = {isa = PBXFileReference; explicitFileType = wrapper.cfbundle; includeInIndex = 0; path = AppStoreTests.xctest; sourceTree = BUILT_PRODUCTS_DIR; };
		8B80FFB2282904460006AD8D /* AppStoreTests.swift */ = {isa = PBXFileReference; lastKnownFileType = sourcecode.swift; path = AppStoreTests.swift; sourceTree = "<group>"; };
		8B80FFB8282904460006AD8D /* AppStoreUITests.xctest */ = {isa = PBXFileReference; explicitFileType = wrapper.cfbundle; includeInIndex = 0; path = AppStoreUITests.xctest; sourceTree = BUILT_PRODUCTS_DIR; };
		8B80FFBC282904460006AD8D /* AppStoreUITests.swift */ = {isa = PBXFileReference; lastKnownFileType = sourcecode.swift; path = AppStoreUITests.swift; sourceTree = "<group>"; };
		8B80FFBE282904460006AD8D /* AppStoreUITestsLaunchTests.swift */ = {isa = PBXFileReference; lastKnownFileType = sourcecode.swift; path = AppStoreUITestsLaunchTests.swift; sourceTree = "<group>"; };
		8BD95647282A336000FBA4F4 /* TodayCollectionViewCell.swift */ = {isa = PBXFileReference; lastKnownFileType = sourcecode.swift; path = TodayCollectionViewCell.swift; sourceTree = "<group>"; };
		8BD95649282A371A00FBA4F4 /* TodayCollectionHeaderView.swift */ = {isa = PBXFileReference; lastKnownFileType = sourcecode.swift; path = TodayCollectionHeaderView.swift; sourceTree = "<group>"; };
		8BD9564B282A3DB700FBA4F4 /* AppViewController.swift */ = {isa = PBXFileReference; lastKnownFileType = sourcecode.swift; path = AppViewController.swift; sourceTree = "<group>"; };
		8BD9564E282A446200FBA4F4 /* FeatureSectionView.swift */ = {isa = PBXFileReference; lastKnownFileType = sourcecode.swift; path = FeatureSectionView.swift; sourceTree = "<group>"; };
		8BD95650282A449E00FBA4F4 /* RankingFeatureSectionView.swift */ = {isa = PBXFileReference; lastKnownFileType = sourcecode.swift; path = RankingFeatureSectionView.swift; sourceTree = "<group>"; };
		8BD95652282A44A600FBA4F4 /* ExchangeCodeButtonView.swift */ = {isa = PBXFileReference; lastKnownFileType = sourcecode.swift; path = ExchangeCodeButtonView.swift; sourceTree = "<group>"; };
		8BD95656282A925700FBA4F4 /* FeatureSectionCollectionViewCell.swift */ = {isa = PBXFileReference; lastKnownFileType = sourcecode.swift; path = FeatureSectionCollectionViewCell.swift; sourceTree = "<group>"; };
		8BD95658282A958400FBA4F4 /* SeperatorView.swift */ = {isa = PBXFileReference; lastKnownFileType = sourcecode.swift; path = SeperatorView.swift; sourceTree = "<group>"; };
		8BD9565A282A9C4700FBA4F4 /* RankingFeatureCollectionViewCell.swift */ = {isa = PBXFileReference; lastKnownFileType = sourcecode.swift; path = RankingFeatureCollectionViewCell.swift; sourceTree = "<group>"; };
		8BEE15D428314850009AB9F5 /* AppDetailViewController.swift */ = {isa = PBXFileReference; lastKnownFileType = sourcecode.swift; path = AppDetailViewController.swift; sourceTree = "<group>"; };
		8BEE15D62831BCA9009AB9F5 /* Feature.plist */ = {isa = PBXFileReference; fileEncoding = 4; lastKnownFileType = text.plist.xml; path = Feature.plist; sourceTree = "<group>"; };
		8BEE15D72831BCA9009AB9F5 /* RankingFeature.plist */ = {isa = PBXFileReference; fileEncoding = 4; lastKnownFileType = text.plist.xml; path = RankingFeature.plist; sourceTree = "<group>"; };
		8BEE15D82831BCA9009AB9F5 /* Today.plist */ = {isa = PBXFileReference; fileEncoding = 4; lastKnownFileType = text.plist.xml; path = Today.plist; sourceTree = "<group>"; };
		8BEE15DD2831BD55009AB9F5 /* Today.swift */ = {isa = PBXFileReference; lastKnownFileType = sourcecode.swift; path = Today.swift; sourceTree = "<group>"; };
		8BEE15DF2831BD95009AB9F5 /* Feature.swift */ = {isa = PBXFileReference; lastKnownFileType = sourcecode.swift; path = Feature.swift; sourceTree = "<group>"; };
		8BEE15E32831BDAD009AB9F5 /* RankingFeature.swift */ = {isa = PBXFileReference; lastKnownFileType = sourcecode.swift; path = RankingFeature.swift; sourceTree = "<group>"; };
/* End PBXFileReference section */

/* Begin PBXFrameworksBuildPhase section */
		8B80FF95282904450006AD8D /* Frameworks */ = {
			isa = PBXFrameworksBuildPhase;
			buildActionMask = 2147483647;
			files = (
				8B094364282906890060FD59 /* Kingfisher in Frameworks */,
				8B80FFCD282904CD0006AD8D /* SnapKit in Frameworks */,
			);
			runOnlyForDeploymentPostprocessing = 0;
		};
		8B80FFAB282904460006AD8D /* Frameworks */ = {
			isa = PBXFrameworksBuildPhase;
			buildActionMask = 2147483647;
			files = (
			);
			runOnlyForDeploymentPostprocessing = 0;
		};
		8B80FFB5282904460006AD8D /* Frameworks */ = {
			isa = PBXFrameworksBuildPhase;
			buildActionMask = 2147483647;
			files = (
			);
			runOnlyForDeploymentPostprocessing = 0;
		};
/* End PBXFrameworksBuildPhase section */

/* Begin PBXGroup section */
		8B094365282A0D610060FD59 /* Scenes */ = {
			isa = PBXGroup;
			children = (
				8BD9564D282A3DBA00FBA4F4 /* App */,
				8B094366282A0D770060FD59 /* Today */,
				8B80FF9F282904450006AD8D /* TabBarController.swift */,
			);
			path = Scenes;
			sourceTree = "<group>";
		};
		8B094366282A0D770060FD59 /* Today */ = {
			isa = PBXGroup;
			children = (
				8B094367282A0D830060FD59 /* TodayViewController.swift */,
				8BD95647282A336000FBA4F4 /* TodayCollectionViewCell.swift */,
				8BD95649282A371A00FBA4F4 /* TodayCollectionHeaderView.swift */,
			);
			path = Today;
			sourceTree = "<group>";
		};
		8B80FF8F282904450006AD8D = {
			isa = PBXGroup;
			children = (
				8B80FF9A282904450006AD8D /* AppStore */,
				8B80FFB1282904460006AD8D /* AppStoreTests */,
				8B80FFBB282904460006AD8D /* AppStoreUITests */,
				8B80FF99282904450006AD8D /* Products */,
			);
			sourceTree = "<group>";
		};
		8B80FF99282904450006AD8D /* Products */ = {
			isa = PBXGroup;
			children = (
				8B80FF98282904450006AD8D /* AppStore.app */,
				8B80FFAE282904460006AD8D /* AppStoreTests.xctest */,
				8B80FFB8282904460006AD8D /* AppStoreUITests.xctest */,
			);
			name = Products;
			sourceTree = "<group>";
		};
		8B80FF9A282904450006AD8D /* AppStore */ = {
			isa = PBXGroup;
			children = (
				8B80FF9B282904450006AD8D /* AppDelegate.swift */,
				8B80FF9D282904450006AD8D /* SceneDelegate.swift */,
				8BEE15DD2831BD55009AB9F5 /* Today.swift */,
				8BEE15DF2831BD95009AB9F5 /* Feature.swift */,
				8BEE15E32831BDAD009AB9F5 /* RankingFeature.swift */,
				8BEE15DC2831BCB0009AB9F5 /* Data */,
				8B094365282A0D610060FD59 /* Scenes */,
				8B80FFA4282904460006AD8D /* Assets.xcassets */,
				8B80FFA6282904460006AD8D /* LaunchScreen.storyboard */,
				8B80FFA9282904460006AD8D /* Info.plist */,
			);
			path = AppStore;
			sourceTree = "<group>";
		};
		8B80FFB1282904460006AD8D /* AppStoreTests */ = {
			isa = PBXGroup;
			children = (
				8B80FFB2282904460006AD8D /* AppStoreTests.swift */,
			);
			path = AppStoreTests;
			sourceTree = "<group>";
		};
		8B80FFBB282904460006AD8D /* AppStoreUITests */ = {
			isa = PBXGroup;
			children = (
				8B80FFBC282904460006AD8D /* AppStoreUITests.swift */,
				8B80FFBE282904460006AD8D /* AppStoreUITestsLaunchTests.swift */,
			);
			path = AppStoreUITests;
			sourceTree = "<group>";
		};
		8BD9564D282A3DBA00FBA4F4 /* App */ = {
			isa = PBXGroup;
			children = (
				8BD9564B282A3DB700FBA4F4 /* AppViewController.swift */,
				8BD9564E282A446200FBA4F4 /* FeatureSectionView.swift */,
				8BD95650282A449E00FBA4F4 /* RankingFeatureSectionView.swift */,
				8BD95656282A925700FBA4F4 /* FeatureSectionCollectionViewCell.swift */,
				8BD95658282A958400FBA4F4 /* SeperatorView.swift */,
				8BD9565A282A9C4700FBA4F4 /* RankingFeatureCollectionViewCell.swift */,
				8BD95652282A44A600FBA4F4 /* ExchangeCodeButtonView.swift */,
				8BEE15D428314850009AB9F5 /* AppDetailViewController.swift */,
			);
			path = App;
			sourceTree = "<group>";
		};
		8BEE15DC2831BCB0009AB9F5 /* Data */ = {
			isa = PBXGroup;
			children = (
				8BEE15D62831BCA9009AB9F5 /* Feature.plist */,
				8BEE15D72831BCA9009AB9F5 /* RankingFeature.plist */,
				8BEE15D82831BCA9009AB9F5 /* Today.plist */,
			);
			path = Data;
			sourceTree = "<group>";
		};
/* End PBXGroup section */

/* Begin PBXNativeTarget section */
		8B80FF97282904450006AD8D /* AppStore */ = {
			isa = PBXNativeTarget;
			buildConfigurationList = 8B80FFC2282904460006AD8D /* Build configuration list for PBXNativeTarget "AppStore" */;
			buildPhases = (
				8B80FF94282904450006AD8D /* Sources */,
				8B80FF95282904450006AD8D /* Frameworks */,
				8B80FF96282904450006AD8D /* Resources */,
			);
			buildRules = (
			);
			dependencies = (
			);
			name = AppStore;
			packageProductDependencies = (
				8B80FFCC282904CD0006AD8D /* SnapKit */,
				8B094363282906890060FD59 /* Kingfisher */,
			);
			productName = AppStore;
			productReference = 8B80FF98282904450006AD8D /* AppStore.app */;
			productType = "com.apple.product-type.application";
		};
		8B80FFAD282904460006AD8D /* AppStoreTests */ = {
			isa = PBXNativeTarget;
			buildConfigurationList = 8B80FFC5282904460006AD8D /* Build configuration list for PBXNativeTarget "AppStoreTests" */;
			buildPhases = (
				8B80FFAA282904460006AD8D /* Sources */,
				8B80FFAB282904460006AD8D /* Frameworks */,
				8B80FFAC282904460006AD8D /* Resources */,
			);
			buildRules = (
			);
			dependencies = (
				8B80FFB0282904460006AD8D /* PBXTargetDependency */,
			);
			name = AppStoreTests;
			productName = AppStoreTests;
			productReference = 8B80FFAE282904460006AD8D /* AppStoreTests.xctest */;
			productType = "com.apple.product-type.bundle.unit-test";
		};
		8B80FFB7282904460006AD8D /* AppStoreUITests */ = {
			isa = PBXNativeTarget;
			buildConfigurationList = 8B80FFC8282904460006AD8D /* Build configuration list for PBXNativeTarget "AppStoreUITests" */;
			buildPhases = (
				8B80FFB4282904460006AD8D /* Sources */,
				8B80FFB5282904460006AD8D /* Frameworks */,
				8B80FFB6282904460006AD8D /* Resources */,
			);
			buildRules = (
			);
			dependencies = (
				8B80FFBA282904460006AD8D /* PBXTargetDependency */,
			);
			name = AppStoreUITests;
			productName = AppStoreUITests;
			productReference = 8B80FFB8282904460006AD8D /* AppStoreUITests.xctest */;
			productType = "com.apple.product-type.bundle.ui-testing";
		};
/* End PBXNativeTarget section */

/* Begin PBXProject section */
		8B80FF90282904450006AD8D /* Project object */ = {
			isa = PBXProject;
			attributes = {
				BuildIndependentTargetsInParallel = 1;
				LastSwiftUpdateCheck = 1330;
				LastUpgradeCheck = 1330;
				TargetAttributes = {
					8B80FF97282904450006AD8D = {
						CreatedOnToolsVersion = 13.3.1;
					};
					8B80FFAD282904460006AD8D = {
						CreatedOnToolsVersion = 13.3.1;
						TestTargetID = 8B80FF97282904450006AD8D;
					};
					8B80FFB7282904460006AD8D = {
						CreatedOnToolsVersion = 13.3.1;
						TestTargetID = 8B80FF97282904450006AD8D;
					};
				};
			};
			buildConfigurationList = 8B80FF93282904450006AD8D /* Build configuration list for PBXProject "AppStore" */;
			compatibilityVersion = "Xcode 13.0";
			developmentRegion = en;
			hasScannedForEncodings = 0;
			knownRegions = (
				en,
				Base,
			);
			mainGroup = 8B80FF8F282904450006AD8D;
			packageReferences = (
				8B80FFCB282904CD0006AD8D /* XCRemoteSwiftPackageReference "SnapKit" */,
				8B094362282906890060FD59 /* XCRemoteSwiftPackageReference "Kingfisher" */,
			);
			productRefGroup = 8B80FF99282904450006AD8D /* Products */;
			projectDirPath = "";
			projectRoot = "";
			targets = (
				8B80FF97282904450006AD8D /* AppStore */,
				8B80FFAD282904460006AD8D /* AppStoreTests */,
				8B80FFB7282904460006AD8D /* AppStoreUITests */,
			);
		};
/* End PBXProject section */

/* Begin PBXResourcesBuildPhase section */
		8B80FF96282904450006AD8D /* Resources */ = {
			isa = PBXResourcesBuildPhase;
			buildActionMask = 2147483647;
			files = (
				8BEE15DA2831BCA9009AB9F5 /* RankingFeature.plist in Resources */,
				8BEE15DB2831BCA9009AB9F5 /* Today.plist in Resources */,
				8BEE15D92831BCA9009AB9F5 /* Feature.plist in Resources */,
				8B80FFA8282904460006AD8D /* LaunchScreen.storyboard in Resources */,
				8B80FFA5282904460006AD8D /* Assets.xcassets in Resources */,
			);
			runOnlyForDeploymentPostprocessing = 0;
		};
		8B80FFAC282904460006AD8D /* Resources */ = {
			isa = PBXResourcesBuildPhase;
			buildActionMask = 2147483647;
			files = (
			);
			runOnlyForDeploymentPostprocessing = 0;
		};
		8B80FFB6282904460006AD8D /* Resources */ = {
			isa = PBXResourcesBuildPhase;
			buildActionMask = 2147483647;
			files = (
			);
			runOnlyForDeploymentPostprocessing = 0;
		};
/* End PBXResourcesBuildPhase section */

/* Begin PBXSourcesBuildPhase section */
		8B80FF94282904450006AD8D /* Sources */ = {
			isa = PBXSourcesBuildPhase;
			buildActionMask = 2147483647;
			files = (
				8B094368282A0D830060FD59 /* TodayViewController.swift in Sources */,
				8BEE15DE2831BD55009AB9F5 /* Today.swift in Sources */,
				8BD9565B282A9C4700FBA4F4 /* RankingFeatureCollectionViewCell.swift in Sources */,
				8B80FFA0282904450006AD8D /* TabBarController.swift in Sources */,
				8BEE15E42831BDAD009AB9F5 /* RankingFeature.swift in Sources */,
				8BEE15E02831BD95009AB9F5 /* Feature.swift in Sources */,
				8BD95657282A925700FBA4F4 /* FeatureSectionCollectionViewCell.swift in Sources */,
				8B80FF9C282904450006AD8D /* AppDelegate.swift in Sources */,
				8BD9564A282A371A00FBA4F4 /* TodayCollectionHeaderView.swift in Sources */,
				8BD9564C282A3DB700FBA4F4 /* AppViewController.swift in Sources */,
				8B80FF9E282904450006AD8D /* SceneDelegate.swift in Sources */,
				8BD95653282A44A600FBA4F4 /* ExchangeCodeButtonView.swift in Sources */,
				8BD95651282A449E00FBA4F4 /* RankingFeatureSectionView.swift in Sources */,
				8BD95648282A336000FBA4F4 /* TodayCollectionViewCell.swift in Sources */,
				8BEE15D528314850009AB9F5 /* AppDetailViewController.swift in Sources */,
				8BD95659282A958400FBA4F4 /* SeperatorView.swift in Sources */,
				8BD9564F282A446200FBA4F4 /* FeatureSectionView.swift in Sources */,
			);
			runOnlyForDeploymentPostprocessing = 0;
		};
		8B80FFAA282904460006AD8D /* Sources */ = {
			isa = PBXSourcesBuildPhase;
			buildActionMask = 2147483647;
			files = (
				8B80FFB3282904460006AD8D /* AppStoreTests.swift in Sources */,
			);
			runOnlyForDeploymentPostprocessing = 0;
		};
		8B80FFB4282904460006AD8D /* Sources */ = {
			isa = PBXSourcesBuildPhase;
			buildActionMask = 2147483647;
			files = (
				8B80FFBF282904460006AD8D /* AppStoreUITestsLaunchTests.swift in Sources */,
				8B80FFBD282904460006AD8D /* AppStoreUITests.swift in Sources */,
			);
			runOnlyForDeploymentPostprocessing = 0;
		};
/* End PBXSourcesBuildPhase section */

/* Begin PBXTargetDependency section */
		8B80FFB0282904460006AD8D /* PBXTargetDependency */ = {
			isa = PBXTargetDependency;
			target = 8B80FF97282904450006AD8D /* AppStore */;
			targetProxy = 8B80FFAF282904460006AD8D /* PBXContainerItemProxy */;
		};
		8B80FFBA282904460006AD8D /* PBXTargetDependency */ = {
			isa = PBXTargetDependency;
			target = 8B80FF97282904450006AD8D /* AppStore */;
			targetProxy = 8B80FFB9282904460006AD8D /* PBXContainerItemProxy */;
		};
/* End PBXTargetDependency section */

/* Begin PBXVariantGroup section */
		8B80FFA6282904460006AD8D /* LaunchScreen.storyboard */ = {
			isa = PBXVariantGroup;
			children = (
				8B80FFA7282904460006AD8D /* Base */,
			);
			name = LaunchScreen.storyboard;
			sourceTree = "<group>";
		};
/* End PBXVariantGroup section */

/* Begin XCBuildConfiguration section */
		8B80FFC0282904460006AD8D /* Debug */ = {
			isa = XCBuildConfiguration;
			buildSettings = {
				ALWAYS_SEARCH_USER_PATHS = NO;
				CLANG_ANALYZER_NONNULL = YES;
				CLANG_ANALYZER_NUMBER_OBJECT_CONVERSION = YES_AGGRESSIVE;
				CLANG_CXX_LANGUAGE_STANDARD = "gnu++17";
				CLANG_ENABLE_MODULES = YES;
				CLANG_ENABLE_OBJC_ARC = YES;
				CLANG_ENABLE_OBJC_WEAK = YES;
				CLANG_WARN_BLOCK_CAPTURE_AUTORELEASING = YES;
				CLANG_WARN_BOOL_CONVERSION = YES;
				CLANG_WARN_COMMA = YES;
				CLANG_WARN_CONSTANT_CONVERSION = YES;
				CLANG_WARN_DEPRECATED_OBJC_IMPLEMENTATIONS = YES;
				CLANG_WARN_DIRECT_OBJC_ISA_USAGE = YES_ERROR;
				CLANG_WARN_DOCUMENTATION_COMMENTS = YES;
				CLANG_WARN_EMPTY_BODY = YES;
				CLANG_WARN_ENUM_CONVERSION = YES;
				CLANG_WARN_INFINITE_RECURSION = YES;
				CLANG_WARN_INT_CONVERSION = YES;
				CLANG_WARN_NON_LITERAL_NULL_CONVERSION = YES;
				CLANG_WARN_OBJC_IMPLICIT_RETAIN_SELF = YES;
				CLANG_WARN_OBJC_LITERAL_CONVERSION = YES;
				CLANG_WARN_OBJC_ROOT_CLASS = YES_ERROR;
				CLANG_WARN_QUOTED_INCLUDE_IN_FRAMEWORK_HEADER = YES;
				CLANG_WARN_RANGE_LOOP_ANALYSIS = YES;
				CLANG_WARN_STRICT_PROTOTYPES = YES;
				CLANG_WARN_SUSPICIOUS_MOVE = YES;
				CLANG_WARN_UNGUARDED_AVAILABILITY = YES_AGGRESSIVE;
				CLANG_WARN_UNREACHABLE_CODE = YES;
				CLANG_WARN__DUPLICATE_METHOD_MATCH = YES;
				COPY_PHASE_STRIP = NO;
				DEBUG_INFORMATION_FORMAT = dwarf;
				ENABLE_STRICT_OBJC_MSGSEND = YES;
				ENABLE_TESTABILITY = YES;
				GCC_C_LANGUAGE_STANDARD = gnu11;
				GCC_DYNAMIC_NO_PIC = NO;
				GCC_NO_COMMON_BLOCKS = YES;
				GCC_OPTIMIZATION_LEVEL = 0;
				GCC_PREPROCESSOR_DEFINITIONS = (
					"DEBUG=1",
					"$(inherited)",
				);
				GCC_WARN_64_TO_32_BIT_CONVERSION = YES;
				GCC_WARN_ABOUT_RETURN_TYPE = YES_ERROR;
				GCC_WARN_UNDECLARED_SELECTOR = YES;
				GCC_WARN_UNINITIALIZED_AUTOS = YES_AGGRESSIVE;
				GCC_WARN_UNUSED_FUNCTION = YES;
				GCC_WARN_UNUSED_VARIABLE = YES;
				IPHONEOS_DEPLOYMENT_TARGET = 15.4;
				MTL_ENABLE_DEBUG_INFO = INCLUDE_SOURCE;
				MTL_FAST_MATH = YES;
				ONLY_ACTIVE_ARCH = YES;
				SDKROOT = iphoneos;
				SWIFT_ACTIVE_COMPILATION_CONDITIONS = DEBUG;
				SWIFT_OPTIMIZATION_LEVEL = "-Onone";
			};
			name = Debug;
		};
		8B80FFC1282904460006AD8D /* Release */ = {
			isa = XCBuildConfiguration;
			buildSettings = {
				ALWAYS_SEARCH_USER_PATHS = NO;
				CLANG_ANALYZER_NONNULL = YES;
				CLANG_ANALYZER_NUMBER_OBJECT_CONVERSION = YES_AGGRESSIVE;
				CLANG_CXX_LANGUAGE_STANDARD = "gnu++17";
				CLANG_ENABLE_MODULES = YES;
				CLANG_ENABLE_OBJC_ARC = YES;
				CLANG_ENABLE_OBJC_WEAK = YES;
				CLANG_WARN_BLOCK_CAPTURE_AUTORELEASING = YES;
				CLANG_WARN_BOOL_CONVERSION = YES;
				CLANG_WARN_COMMA = YES;
				CLANG_WARN_CONSTANT_CONVERSION = YES;
				CLANG_WARN_DEPRECATED_OBJC_IMPLEMENTATIONS = YES;
				CLANG_WARN_DIRECT_OBJC_ISA_USAGE = YES_ERROR;
				CLANG_WARN_DOCUMENTATION_COMMENTS = YES;
				CLANG_WARN_EMPTY_BODY = YES;
				CLANG_WARN_ENUM_CONVERSION = YES;
				CLANG_WARN_INFINITE_RECURSION = YES;
				CLANG_WARN_INT_CONVERSION = YES;
				CLANG_WARN_NON_LITERAL_NULL_CONVERSION = YES;
				CLANG_WARN_OBJC_IMPLICIT_RETAIN_SELF = YES;
				CLANG_WARN_OBJC_LITERAL_CONVERSION = YES;
				CLANG_WARN_OBJC_ROOT_CLASS = YES_ERROR;
				CLANG_WARN_QUOTED_INCLUDE_IN_FRAMEWORK_HEADER = YES;
				CLANG_WARN_RANGE_LOOP_ANALYSIS = YES;
				CLANG_WARN_STRICT_PROTOTYPES = YES;
				CLANG_WARN_SUSPICIOUS_MOVE = YES;
				CLANG_WARN_UNGUARDED_AVAILABILITY = YES_AGGRESSIVE;
				CLANG_WARN_UNREACHABLE_CODE = YES;
				CLANG_WARN__DUPLICATE_METHOD_MATCH = YES;
				COPY_PHASE_STRIP = NO;
				DEBUG_INFORMATION_FORMAT = "dwarf-with-dsym";
				ENABLE_NS_ASSERTIONS = NO;
				ENABLE_STRICT_OBJC_MSGSEND = YES;
				GCC_C_LANGUAGE_STANDARD = gnu11;
				GCC_NO_COMMON_BLOCKS = YES;
				GCC_WARN_64_TO_32_BIT_CONVERSION = YES;
				GCC_WARN_ABOUT_RETURN_TYPE = YES_ERROR;
				GCC_WARN_UNDECLARED_SELECTOR = YES;
				GCC_WARN_UNINITIALIZED_AUTOS = YES_AGGRESSIVE;
				GCC_WARN_UNUSED_FUNCTION = YES;
				GCC_WARN_UNUSED_VARIABLE = YES;
				IPHONEOS_DEPLOYMENT_TARGET = 15.4;
				MTL_ENABLE_DEBUG_INFO = NO;
				MTL_FAST_MATH = YES;
				SDKROOT = iphoneos;
				SWIFT_COMPILATION_MODE = wholemodule;
				SWIFT_OPTIMIZATION_LEVEL = "-O";
				VALIDATE_PRODUCT = YES;
			};
			name = Release;
		};
		8B80FFC3282904460006AD8D /* Debug */ = {
			isa = XCBuildConfiguration;
			buildSettings = {
				ASSETCATALOG_COMPILER_APPICON_NAME = AppIcon;
				ASSETCATALOG_COMPILER_GLOBAL_ACCENT_COLOR_NAME = AccentColor;
				CODE_SIGN_STYLE = Automatic;
				CURRENT_PROJECT_VERSION = 1;
				DEVELOPMENT_TEAM = 9US832H3NT;
				GENERATE_INFOPLIST_FILE = YES;
				INFOPLIST_FILE = AppStore/Info.plist;
				INFOPLIST_KEY_UIApplicationSupportsIndirectInputEvents = YES;
				INFOPLIST_KEY_UILaunchStoryboardName = LaunchScreen;
				INFOPLIST_KEY_UISupportedInterfaceOrientations_iPad = "UIInterfaceOrientationPortrait UIInterfaceOrientationPortraitUpsideDown UIInterfaceOrientationLandscapeLeft UIInterfaceOrientationLandscapeRight";
				INFOPLIST_KEY_UISupportedInterfaceOrientations_iPhone = "UIInterfaceOrientationPortrait UIInterfaceOrientationLandscapeLeft UIInterfaceOrientationLandscapeRight";
				LD_RUNPATH_SEARCH_PATHS = (
					"$(inherited)",
					"@executable_path/Frameworks",
				);
				MARKETING_VERSION = 1.0;
				PRODUCT_BUNDLE_IDENTIFIER = junsu.AppStore;
				PRODUCT_NAME = "$(TARGET_NAME)";
				SWIFT_EMIT_LOC_STRINGS = YES;
				SWIFT_VERSION = 5.0;
				TARGETED_DEVICE_FAMILY = "1,2";
			};
			name = Debug;
		};
		8B80FFC4282904460006AD8D /* Release */ = {
			isa = XCBuildConfiguration;
			buildSettings = {
				ASSETCATALOG_COMPILER_APPICON_NAME = AppIcon;
				ASSETCATALOG_COMPILER_GLOBAL_ACCENT_COLOR_NAME = AccentColor;
				CODE_SIGN_STYLE = Automatic;
				CURRENT_PROJECT_VERSION = 1;
				DEVELOPMENT_TEAM = 9US832H3NT;
				GENERATE_INFOPLIST_FILE = YES;
				INFOPLIST_FILE = AppStore/Info.plist;
				INFOPLIST_KEY_UIApplicationSupportsIndirectInputEvents = YES;
				INFOPLIST_KEY_UILaunchStoryboardName = LaunchScreen;
				INFOPLIST_KEY_UISupportedInterfaceOrientations_iPad = "UIInterfaceOrientationPortrait UIInterfaceOrientationPortraitUpsideDown UIInterfaceOrientationLandscapeLeft UIInterfaceOrientationLandscapeRight";
				INFOPLIST_KEY_UISupportedInterfaceOrientations_iPhone = "UIInterfaceOrientationPortrait UIInterfaceOrientationLandscapeLeft UIInterfaceOrientationLandscapeRight";
				LD_RUNPATH_SEARCH_PATHS = (
					"$(inherited)",
					"@executable_path/Frameworks",
				);
				MARKETING_VERSION = 1.0;
				PRODUCT_BUNDLE_IDENTIFIER = junsu.AppStore;
				PRODUCT_NAME = "$(TARGET_NAME)";
				SWIFT_EMIT_LOC_STRINGS = YES;
				SWIFT_VERSION = 5.0;
				TARGETED_DEVICE_FAMILY = "1,2";
			};
			name = Release;
		};
		8B80FFC6282904460006AD8D /* Debug */ = {
			isa = XCBuildConfiguration;
			buildSettings = {
				ALWAYS_EMBED_SWIFT_STANDARD_LIBRARIES = YES;
				BUNDLE_LOADER = "$(TEST_HOST)";
				CODE_SIGN_STYLE = Automatic;
				CURRENT_PROJECT_VERSION = 1;
				DEVELOPMENT_TEAM = 9US832H3NT;
				GENERATE_INFOPLIST_FILE = YES;
				IPHONEOS_DEPLOYMENT_TARGET = 15.4;
				MARKETING_VERSION = 1.0;
				PRODUCT_BUNDLE_IDENTIFIER = junsu.AppStoreTests;
				PRODUCT_NAME = "$(TARGET_NAME)";
				SWIFT_EMIT_LOC_STRINGS = NO;
				SWIFT_VERSION = 5.0;
				TARGETED_DEVICE_FAMILY = "1,2";
				TEST_HOST = "$(BUILT_PRODUCTS_DIR)/AppStore.app/AppStore";
			};
			name = Debug;
		};
		8B80FFC7282904460006AD8D /* Release */ = {
			isa = XCBuildConfiguration;
			buildSettings = {
				ALWAYS_EMBED_SWIFT_STANDARD_LIBRARIES = YES;
				BUNDLE_LOADER = "$(TEST_HOST)";
				CODE_SIGN_STYLE = Automatic;
				CURRENT_PROJECT_VERSION = 1;
				DEVELOPMENT_TEAM = 9US832H3NT;
				GENERATE_INFOPLIST_FILE = YES;
				IPHONEOS_DEPLOYMENT_TARGET = 15.4;
				MARKETING_VERSION = 1.0;
				PRODUCT_BUNDLE_IDENTIFIER = junsu.AppStoreTests;
				PRODUCT_NAME = "$(TARGET_NAME)";
				SWIFT_EMIT_LOC_STRINGS = NO;
				SWIFT_VERSION = 5.0;
				TARGETED_DEVICE_FAMILY = "1,2";
				TEST_HOST = "$(BUILT_PRODUCTS_DIR)/AppStore.app/AppStore";
			};
			name = Release;
		};
		8B80FFC9282904460006AD8D /* Debug */ = {
			isa = XCBuildConfiguration;
			buildSettings = {
				ALWAYS_EMBED_SWIFT_STANDARD_LIBRARIES = YES;
				CODE_SIGN_STYLE = Automatic;
				CURRENT_PROJECT_VERSION = 1;
				DEVELOPMENT_TEAM = 9US832H3NT;
				GENERATE_INFOPLIST_FILE = YES;
				MARKETING_VERSION = 1.0;
				PRODUCT_BUNDLE_IDENTIFIER = junsu.AppStoreUITests;
				PRODUCT_NAME = "$(TARGET_NAME)";
				SWIFT_EMIT_LOC_STRINGS = NO;
				SWIFT_VERSION = 5.0;
				TARGETED_DEVICE_FAMILY = "1,2";
				TEST_TARGET_NAME = AppStore;
			};
			name = Debug;
		};
		8B80FFCA282904460006AD8D /* Release */ = {
			isa = XCBuildConfiguration;
			buildSettings = {
				ALWAYS_EMBED_SWIFT_STANDARD_LIBRARIES = YES;
				CODE_SIGN_STYLE = Automatic;
				CURRENT_PROJECT_VERSION = 1;
				DEVELOPMENT_TEAM = 9US832H3NT;
				GENERATE_INFOPLIST_FILE = YES;
				MARKETING_VERSION = 1.0;
				PRODUCT_BUNDLE_IDENTIFIER = junsu.AppStoreUITests;
				PRODUCT_NAME = "$(TARGET_NAME)";
				SWIFT_EMIT_LOC_STRINGS = NO;
				SWIFT_VERSION = 5.0;
				TARGETED_DEVICE_FAMILY = "1,2";
				TEST_TARGET_NAME = AppStore;
			};
			name = Release;
		};
/* End XCBuildConfiguration section */

/* Begin XCConfigurationList section */
		8B80FF93282904450006AD8D /* Build configuration list for PBXProject "AppStore" */ = {
			isa = XCConfigurationList;
			buildConfigurations = (
				8B80FFC0282904460006AD8D /* Debug */,
				8B80FFC1282904460006AD8D /* Release */,
			);
			defaultConfigurationIsVisible = 0;
			defaultConfigurationName = Release;
		};
		8B80FFC2282904460006AD8D /* Build configuration list for PBXNativeTarget "AppStore" */ = {
			isa = XCConfigurationList;
			buildConfigurations = (
				8B80FFC3282904460006AD8D /* Debug */,
				8B80FFC4282904460006AD8D /* Release */,
			);
			defaultConfigurationIsVisible = 0;
			defaultConfigurationName = Release;
		};
		8B80FFC5282904460006AD8D /* Build configuration list for PBXNativeTarget "AppStoreTests" */ = {
			isa = XCConfigurationList;
			buildConfigurations = (
				8B80FFC6282904460006AD8D /* Debug */,
				8B80FFC7282904460006AD8D /* Release */,
			);
			defaultConfigurationIsVisible = 0;
			defaultConfigurationName = Release;
		};
		8B80FFC8282904460006AD8D /* Build configuration list for PBXNativeTarget "AppStoreUITests" */ = {
			isa = XCConfigurationList;
			buildConfigurations = (
				8B80FFC9282904460006AD8D /* Debug */,
				8B80FFCA282904460006AD8D /* Release */,
			);
			defaultConfigurationIsVisible = 0;
			defaultConfigurationName = Release;
		};
/* End XCConfigurationList section */

/* Begin XCRemoteSwiftPackageReference section */
		8B094362282906890060FD59 /* XCRemoteSwiftPackageReference "Kingfisher" */ = {
			isa = XCRemoteSwiftPackageReference;
			repositoryURL = "https://github.com/onevcat/Kingfisher.git";
			requirement = {
				branch = master;
				kind = branch;
			};
		};
		8B80FFCB282904CD0006AD8D /* XCRemoteSwiftPackageReference "SnapKit" */ = {
			isa = XCRemoteSwiftPackageReference;
			repositoryURL = "https://github.com/SnapKit/SnapKit.git";
			requirement = {
				branch = develop;
				kind = branch;
			};
		};
/* End XCRemoteSwiftPackageReference section */

/* Begin XCSwiftPackageProductDependency section */
		8B094363282906890060FD59 /* Kingfisher */ = {
			isa = XCSwiftPackageProductDependency;
			package = 8B094362282906890060FD59 /* XCRemoteSwiftPackageReference "Kingfisher" */;
			productName = Kingfisher;
		};
		8B80FFCC282904CD0006AD8D /* SnapKit */ = {
			isa = XCSwiftPackageProductDependency;
			package = 8B80FFCB282904CD0006AD8D /* XCRemoteSwiftPackageReference "SnapKit" */;
			productName = SnapKit;
		};
/* End XCSwiftPackageProductDependency section */
	};
	rootObject = 8B80FF90282904450006AD8D /* Project object */;
}
